PODS:
  - EAIntroView (2.7.0):
    - EARestrictedScrollView (~> 0.1.0)
  - EARestrictedScrollView (0.1.0)
  - FMDB (2.5):
    - FMDB/standard (= 2.5)
  - FMDB/common (2.5)
  - FMDB/standard (2.5):
    - FMDB/common
  - JBChartView (2.8.10)
  - Masonry (0.6.0)
  - MBProgressHUD (0.9.1)
  - SWTableViewCell (0.3.7)

DEPENDENCIES:
  - EAIntroView (~> 2.7.0)
  - FMDB
  - JBChartView (~> 2.8.10)
  - Masonry
  - MBProgressHUD (~> 0.9.1)
  - SWTableViewCell (~> 0.3.7)

SPEC CHECKSUMS:
  EAIntroView: 9becdb1441712405346a3e6bc31b0d9a57b63b10
  EARestrictedScrollView: 5ab3eadd9ea55282cc72df0daecb09803059e3a0
  FMDB: 96e8f1bcc1329e269330f99770ad4285d9003e52
  JBChartView: 187186c4730d806962da8ba99aa0d03a77aa35f7
  Masonry: 695dcee5cf90504cc83d85c40e0bd3f4376ed583
  MBProgressHUD: c47f2c166c126cf2ce36498d80f33e754d4e93ad
  SWTableViewCell: 2a94aadc9d47b2b611fa064566bf57948b95b579

COCOAPODS: 0.38.2
