// !$*UTF8*$!
{
	archiveVersion = 1;
	classes = {
	};
	objectVersion = 46;
	objects = {

/* Begin PBXBuildFile section */
		3724A4AE42E8FF4DF4C9AAB9 /* libPods-WorkAndRest.a in Frameworks */ = {isa = PBXBuildFile; fileRef = 1ABC0B3A45728AF8F7A1A7D1 /* libPods-WorkAndRest.a */; };
		6366CA4770DE1F5505F0A915 /* libPods-WorkAndRest.a in Frameworks */ = {isa = PBXBuildFile; fileRef = 1ABC0B3A45728AF8F7A1A7D1 /* libPods-WorkAndRest.a */; };
		64012C8A1900B89D006FC2B2 /* Appirater.m in Sources */ = {isa = PBXBuildFile; fileRef = 64012C891900B89D006FC2B2 /* Appirater.m */; };
		64012C8C1900B8B4006FC2B2 /* CFNetwork.framework in Frameworks */ = {isa = PBXBuildFile; fileRef = 64012C8B1900B8B4006FC2B2 /* CFNetwork.framework */; };
		64012C8E1900B8C2006FC2B2 /* SystemConfiguration.framework in Frameworks */ = {isa = PBXBuildFile; fileRef = 64012C8D1900B8C2006FC2B2 /* SystemConfiguration.framework */; };
		64012C931900B979006FC2B2 /* AppiraterLocalizable.strings in Resources */ = {isa = PBXBuildFile; fileRef = 64012C911900B979006FC2B2 /* AppiraterLocalizable.strings */; };
		64012C951900D68F006FC2B2 /* AudioToolbox.framework in Frameworks */ = {isa = PBXBuildFile; fileRef = 64012C941900D68F006FC2B2 /* AudioToolbox.framework */; };
		640B370F1A81908C0020C817 /* TaskRunnerManager.swift in Sources */ = {isa = PBXBuildFile; fileRef = 640B370E1A81908C0020C817 /* TaskRunnerManager.swift */; };
		6415C60B1A9234D400A9FBCA /* SettingsViewController.swift in Sources */ = {isa = PBXBuildFile; fileRef = 6415C60A1A9234D400A9FBCA /* SettingsViewController.swift */; };
		641B4A881AAC30EB0078E906 /* SMPageControl.m in Sources */ = {isa = PBXBuildFile; fileRef = 641B4A871AAC30EB0078E906 /* SMPageControl.m */; };
		64228ECA18FE2ED300461550 /* Localizable.strings in Resources */ = {isa = PBXBuildFile; fileRef = 64228ECC18FE2ED300461550 /* Localizable.strings */; };
		64293E851B6070360067BF05 /* BaseTranslucentViewController.swift in Sources */ = {isa = PBXBuildFile; fileRef = 64293E841B6070360067BF05 /* BaseTranslucentViewController.swift */; };
		64293E871B6071BA0067BF05 /* ExplainTomatoTimeViewController.swift in Sources */ = {isa = PBXBuildFile; fileRef = 64293E861B6071BA0067BF05 /* ExplainTomatoTimeViewController.swift */; };
		6434827218C5D344009BF110 /* Foundation.framework in Frameworks */ = {isa = PBXBuildFile; fileRef = 6434827118C5D344009BF110 /* Foundation.framework */; };
		6434827418C5D344009BF110 /* CoreGraphics.framework in Frameworks */ = {isa = PBXBuildFile; fileRef = 6434827318C5D344009BF110 /* CoreGraphics.framework */; };
		6434827618C5D344009BF110 /* UIKit.framework in Frameworks */ = {isa = PBXBuildFile; fileRef = 6434827518C5D344009BF110 /* UIKit.framework */; };
		6434827C18C5D344009BF110 /* InfoPlist.strings in Resources */ = {isa = PBXBuildFile; fileRef = 6434827A18C5D344009BF110 /* InfoPlist.strings */; };
		6434828518C5D344009BF110 /* Main.storyboard in Resources */ = {isa = PBXBuildFile; fileRef = 6434828318C5D344009BF110 /* Main.storyboard */; };
		6434828A18C5D344009BF110 /* Images.xcassets in Resources */ = {isa = PBXBuildFile; fileRef = 6434828918C5D344009BF110 /* Images.xcassets */; };
		6434829118C5D344009BF110 /* XCTest.framework in Frameworks */ = {isa = PBXBuildFile; fileRef = 6434829018C5D344009BF110 /* XCTest.framework */; };
		6434829218C5D344009BF110 /* Foundation.framework in Frameworks */ = {isa = PBXBuildFile; fileRef = 6434827118C5D344009BF110 /* Foundation.framework */; };
		6434829318C5D344009BF110 /* UIKit.framework in Frameworks */ = {isa = PBXBuildFile; fileRef = 6434827518C5D344009BF110 /* UIKit.framework */; };
		6439ADC918E1325800CAC85B /* CoreData.framework in Frameworks */ = {isa = PBXBuildFile; fileRef = 6439ADC818E1325800CAC85B /* CoreData.framework */; };
		6442291D1A7A2F2000E516C1 /* TaskListViewController.swift in Sources */ = {isa = PBXBuildFile; fileRef = 6442291C1A7A2F2000E516C1 /* TaskListViewController.swift */; };
		644554641A7CADD100F48164 /* TaskListItemCell.xib in Resources */ = {isa = PBXBuildFile; fileRef = 644554631A7CADD100F48164 /* TaskListItemCell.xib */; };
		6458B66B1A7722BD004FD3D9 /* RootViewController.swift in Sources */ = {isa = PBXBuildFile; fileRef = 6458B66A1A7722BD004FD3D9 /* RootViewController.swift */; };
		645FDE0E1A7D98FB002EC8EF /* AppDelegate.swift in Sources */ = {isa = PBXBuildFile; fileRef = 645FDE0D1A7D98FB002EC8EF /* AppDelegate.swift */; };
		645FDE121A7D9BA9002EC8EF /* sec.wav in Resources */ = {isa = PBXBuildFile; fileRef = 645FDE101A7D9BA9002EC8EF /* sec.wav */; };
		645FDE131A7D9BA9002EC8EF /* SecondBeep.wav in Resources */ = {isa = PBXBuildFile; fileRef = 645FDE111A7D9BA9002EC8EF /* SecondBeep.wav */; };
		645FDE161A7D9E8C002EC8EF /* GlobalConstants.swift in Sources */ = {isa = PBXBuildFile; fileRef = 645FDE151A7D9E8B002EC8EF /* GlobalConstants.swift */; };
		646141A61A80C11E0010E19E /* V8HorizontalPickerView.m in Sources */ = {isa = PBXBuildFile; fileRef = 646141A41A80C11E0010E19E /* V8HorizontalPickerView.m */; };
		646B04ED1A9A99C00083E065 /* WorkManager.swift in Sources */ = {isa = PBXBuildFile; fileRef = 646B04EC1A9A99C00083E065 /* WorkManager.swift */; };
		647603041AA9CD4500B1373E /* CMPopTipView.m in Sources */ = {isa = PBXBuildFile; fileRef = 647603031AA9CD4500B1373E /* CMPopTipView.m */; };
		64802BF11AA6B7FF00B49E2C /* IconBadgeNumberManager.swift in Sources */ = {isa = PBXBuildFile; fileRef = 64802BF01AA6B7FF00B49E2C /* IconBadgeNumberManager.swift */; };
		648311BE1A96B8E100F445AE /* StatisticsViewController.swift in Sources */ = {isa = PBXBuildFile; fileRef = 648311BD1A96B8E100F445AE /* StatisticsViewController.swift */; };
		648A27D21AAD4DBD0002BF04 /* TaskDetailsTutorialViewController.swift in Sources */ = {isa = PBXBuildFile; fileRef = 648A27D11AAD4DBD0002BF04 /* TaskDetailsTutorialViewController.swift */; };
		648A27D41AAD6F730002BF04 /* ChartTutorialViewController.swift in Sources */ = {isa = PBXBuildFile; fileRef = 648A27D31AAD6F730002BF04 /* ChartTutorialViewController.swift */; };
		649308531A7AE22D00480677 /* TaskListItemCell.swift in Sources */ = {isa = PBXBuildFile; fileRef = 649308521A7AE22D00480677 /* TaskListItemCell.swift */; };
		649308571A7AE65C00480677 /* BaseViewController.swift in Sources */ = {isa = PBXBuildFile; fileRef = 649308561A7AE65C00480677 /* BaseViewController.swift */; };
		649308591A7AE68200480677 /* BaseTableViewController.swift in Sources */ = {isa = PBXBuildFile; fileRef = 649308581A7AE68200480677 /* BaseTableViewController.swift */; };
		6493085B1A7AE88B00480677 /* TaskTitleViewController.swift in Sources */ = {isa = PBXBuildFile; fileRef = 6493085A1A7AE88B00480677 /* TaskTitleViewController.swift */; };
		6493C5A81A9032890036B5AE /* HelpViewController.swift in Sources */ = {isa = PBXBuildFile; fileRef = 6493C5A71A9032890036B5AE /* HelpViewController.swift */; };
		6497FC6C1A85C5F70098535D /* StartViewController.swift in Sources */ = {isa = PBXBuildFile; fileRef = 6497FC6B1A85C5F70098535D /* StartViewController.swift */; };
		6497FE561A75A77800174307 /* Work.swift in Sources */ = {isa = PBXBuildFile; fileRef = 6497FE551A75A77800174307 /* Work.swift */; };
		649893931A83959B0091822A /* LockNotifierCallback.m in Sources */ = {isa = PBXBuildFile; fileRef = 649893921A83959B0091822A /* LockNotifierCallback.m */; };
		649893951A842F790091822A /* CompletionCycleView.swift in Sources */ = {isa = PBXBuildFile; fileRef = 649893941A842F790091822A /* CompletionCycleView.swift */; };
		649893971A842F8B0091822A /* CompletionCycleView.xib in Resources */ = {isa = PBXBuildFile; fileRef = 649893961A842F8B0091822A /* CompletionCycleView.xib */; };
		649D54041A84521D002593F8 /* TaskTitleView.xib in Resources */ = {isa = PBXBuildFile; fileRef = 649D54031A84521D002593F8 /* TaskTitleView.xib */; };
		649D54061A84522A002593F8 /* TaskTitleView.swift in Sources */ = {isa = PBXBuildFile; fileRef = 649D54051A84522A002593F8 /* TaskTitleView.swift */; };
		649D54081A849978002593F8 /* WARDevide.swift in Sources */ = {isa = PBXBuildFile; fileRef = 649D54071A849978002593F8 /* WARDevide.swift */; };
		64A0BCDA1A7FA14700F210CC /* NewTaskViewController.swift in Sources */ = {isa = PBXBuildFile; fileRef = 64A0BCD91A7FA14700F210CC /* NewTaskViewController.swift */; };
		64A4D70A18F7DCF8006BF4D1 /* AVFoundation.framework in Frameworks */ = {isa = PBXBuildFile; fileRef = 64A4D70918F7DCF8006BF4D1 /* AVFoundation.framework */; };
		64B563111AA7FC5700098532 /* StatisticsLocker.xib in Resources */ = {isa = PBXBuildFile; fileRef = 64B563101AA7FC5700098532 /* StatisticsLocker.xib */; };
		64B563131AA7FC7000098532 /* StatisticsLocker.swift in Sources */ = {isa = PBXBuildFile; fileRef = 64B563121AA7FC7000098532 /* StatisticsLocker.swift */; };
		64B563151AA8238300098532 /* ApplicationStateManager.swift in Sources */ = {isa = PBXBuildFile; fileRef = 64B563141AA8238300098532 /* ApplicationStateManager.swift */; };
		64B67F151A8063D0002127BC /* TimeSelectorView.swift in Sources */ = {isa = PBXBuildFile; fileRef = 64B67F141A8063D0002127BC /* TimeSelectorView.swift */; };
		64C497F61A8AE7F10051E605 /* TaskItemBaseView.xib in Resources */ = {isa = PBXBuildFile; fileRef = 64C497F51A8AE7F10051E605 /* TaskItemBaseView.xib */; };
		64C497F81A8AE91D0051E605 /* TaskItemBaseView.swift in Sources */ = {isa = PBXBuildFile; fileRef = 64C497F71A8AE91D0051E605 /* TaskItemBaseView.swift */; };
		64C99A581A7902A100F1D796 /* Launch Screen.xib in Resources */ = {isa = PBXBuildFile; fileRef = 64C99A571A7902A100F1D796 /* Launch Screen.xib */; };
		64C99A5D1A7905A300F1D796 /* DBOperate.swift in Sources */ = {isa = PBXBuildFile; fileRef = 64C99A5C1A7905A300F1D796 /* DBOperate.swift */; };
		64C99A5F1A7906EA00F1D796 /* Task.swift in Sources */ = {isa = PBXBuildFile; fileRef = 64C99A5E1A7906EA00F1D796 /* Task.swift */; };
		64CCE5331A89600C008D5A08 /* TaskDetailsViewController.swift in Sources */ = {isa = PBXBuildFile; fileRef = 64CCE5321A89600C008D5A08 /* TaskDetailsViewController.swift */; };
		64CF8A2E1A8EE48F000565C4 /* TaskManager.swift in Sources */ = {isa = PBXBuildFile; fileRef = 64CF8A2D1A8EE48F000565C4 /* TaskManager.swift */; };
		64E3C1AB1A8752C400418426 /* TaskListHeaderView.swift in Sources */ = {isa = PBXBuildFile; fileRef = 64E3C1AA1A8752C400418426 /* TaskListHeaderView.swift */; };
		64E3C1AD1A8752CF00418426 /* TaskListHeaderView.xib in Resources */ = {isa = PBXBuildFile; fileRef = 64E3C1AC1A8752CF00418426 /* TaskListHeaderView.xib */; };
		64EAEC2D1A7E37F70026C748 /* TaskRunner.swift in Sources */ = {isa = PBXBuildFile; fileRef = 64EAEC2C1A7E37F70026C748 /* TaskRunner.swift */; };
		64EBF6271AA9591200ACA139 /* ProductsManager.swift in Sources */ = {isa = PBXBuildFile; fileRef = 64EBF6261AA9591200ACA139 /* ProductsManager.swift */; };
		C33562B61B3140950051784D /* InterfaceController.swift in Sources */ = {isa = PBXBuildFile; fileRef = C33562B51B3140950051784D /* InterfaceController.swift */; };
		C33562B81B3140950051784D /* NotificationController.swift in Sources */ = {isa = PBXBuildFile; fileRef = C33562B71B3140950051784D /* NotificationController.swift */; };
		C33562BA1B3140950051784D /* GlanceController.swift in Sources */ = {isa = PBXBuildFile; fileRef = C33562B91B3140950051784D /* GlanceController.swift */; };
		C33562BC1B3140950051784D /* Images.xcassets in Resources */ = {isa = PBXBuildFile; fileRef = C33562BB1B3140950051784D /* Images.xcassets */; };
		C33562C01B3140950051784D /* WorkAndRest WatchKit App.app in Resources */ = {isa = PBXBuildFile; fileRef = C33562BF1B3140950051784D /* WorkAndRest WatchKit App.app */; };
		C33562C81B3140950051784D /* Interface.storyboard in Resources */ = {isa = PBXBuildFile; fileRef = C33562C61B3140950051784D /* Interface.storyboard */; };
		C33562CA1B3140950051784D /* Images.xcassets in Resources */ = {isa = PBXBuildFile; fileRef = C33562C91B3140950051784D /* Images.xcassets */; };
		C33562CD1B3140950051784D /* WorkAndRest WatchKit Extension.appex in Embed App Extensions */ = {isa = PBXBuildFile; fileRef = C33562B01B3140950051784D /* WorkAndRest WatchKit Extension.appex */; settings = {ATTRIBUTES = (RemoveHeadersOnCopy, ); }; };
		C354053C1B560C80008111C2 /* IdentifierDef.swift in Sources */ = {isa = PBXBuildFile; fileRef = C354053B1B560C80008111C2 /* IdentifierDef.swift */; };
		C354053F1B560DA1008111C2 /* IdentifierDef.swift in Sources */ = {isa = PBXBuildFile; fileRef = C354053E1B560DA1008111C2 /* IdentifierDef.swift */; };
/* End PBXBuildFile section */

/* Begin PBXContainerItemProxy section */
		6434829418C5D344009BF110 /* PBXContainerItemProxy */ = {
			isa = PBXContainerItemProxy;
			containerPortal = 6434826618C5D343009BF110 /* Project object */;
			proxyType = 1;
			remoteGlobalIDString = 6434826D18C5D344009BF110;
			remoteInfo = WorkAndRest;
		};
		C33562C11B3140950051784D /* PBXContainerItemProxy */ = {
			isa = PBXContainerItemProxy;
			containerPortal = 6434826618C5D343009BF110 /* Project object */;
			proxyType = 1;
			remoteGlobalIDString = C33562BE1B3140950051784D;
			remoteInfo = "WorkAndRest WatchKit App";
		};
		C33562CB1B3140950051784D /* PBXContainerItemProxy */ = {
			isa = PBXContainerItemProxy;
			containerPortal = 6434826618C5D343009BF110 /* Project object */;
			proxyType = 1;
			remoteGlobalIDString = C33562AF1B3140950051784D;
			remoteInfo = "WorkAndRest WatchKit Extension";
		};
/* End PBXContainerItemProxy section */

/* Begin PBXCopyFilesBuildPhase section */
		C33562D41B3140950051784D /* Embed App Extensions */ = {
			isa = PBXCopyFilesBuildPhase;
			buildActionMask = 2147483647;
			dstPath = "";
			dstSubfolderSpec = 13;
			files = (
				C33562CD1B3140950051784D /* WorkAndRest WatchKit Extension.appex in Embed App Extensions */,
			);
			name = "Embed App Extensions";
			runOnlyForDeploymentPostprocessing = 0;
		};
/* End PBXCopyFilesBuildPhase section */

/* Begin PBXFileReference section */
		1ABC0B3A45728AF8F7A1A7D1 /* libPods-WorkAndRest.a */ = {isa = PBXFileReference; explicitFileType = archive.ar; includeInIndex = 0; path = "libPods-WorkAndRest.a"; sourceTree = BUILT_PRODUCTS_DIR; };
		246F568FE59BA740870E8FD1 /* Pods-WorkAndRest.debug.xcconfig */ = {isa = PBXFileReference; includeInIndex = 1; lastKnownFileType = text.xcconfig; name = "Pods-WorkAndRest.debug.xcconfig"; path = "Pods/Target Support Files/Pods-WorkAndRest/Pods-WorkAndRest.debug.xcconfig"; sourceTree = "<group>"; };
		64012C881900B89D006FC2B2 /* Appirater.h */ = {isa = PBXFileReference; fileEncoding = 4; lastKnownFileType = sourcecode.c.h; path = Appirater.h; sourceTree = "<group>"; };
		64012C891900B89D006FC2B2 /* Appirater.m */ = {isa = PBXFileReference; fileEncoding = 4; lastKnownFileType = sourcecode.c.objc; path = Appirater.m; sourceTree = "<group>"; };
		64012C8B1900B8B4006FC2B2 /* CFNetwork.framework */ = {isa = PBXFileReference; lastKnownFileType = wrapper.framework; name = CFNetwork.framework; path = System/Library/Frameworks/CFNetwork.framework; sourceTree = SDKROOT; };
		64012C8D1900B8C2006FC2B2 /* SystemConfiguration.framework */ = {isa = PBXFileReference; lastKnownFileType = wrapper.framework; name = SystemConfiguration.framework; path = System/Library/Frameworks/SystemConfiguration.framework; sourceTree = SDKROOT; };
		64012C8F1900B92D006FC2B2 /* AppiraterDelegate.h */ = {isa = PBXFileReference; lastKnownFileType = sourcecode.c.h; path = AppiraterDelegate.h; sourceTree = "<group>"; };
		64012C921900B979006FC2B2 /* zh-Hans */ = {isa = PBXFileReference; lastKnownFileType = text.plist.strings; name = "zh-Hans"; path = AppiraterLocalizable.strings; sourceTree = "<group>"; };
		64012C941900D68F006FC2B2 /* AudioToolbox.framework */ = {isa = PBXFileReference; lastKnownFileType = wrapper.framework; name = AudioToolbox.framework; path = System/Library/Frameworks/AudioToolbox.framework; sourceTree = SDKROOT; };
		640B370E1A81908C0020C817 /* TaskRunnerManager.swift */ = {isa = PBXFileReference; fileEncoding = 4; lastKnownFileType = sourcecode.swift; path = TaskRunnerManager.swift; sourceTree = "<group>"; };
		6415C60A1A9234D400A9FBCA /* SettingsViewController.swift */ = {isa = PBXFileReference; fileEncoding = 4; lastKnownFileType = sourcecode.swift; path = SettingsViewController.swift; sourceTree = "<group>"; };
		641B4A861AAC30EB0078E906 /* SMPageControl.h */ = {isa = PBXFileReference; fileEncoding = 4; lastKnownFileType = sourcecode.c.h; path = SMPageControl.h; sourceTree = "<group>"; };
		641B4A871AAC30EB0078E906 /* SMPageControl.m */ = {isa = PBXFileReference; fileEncoding = 4; lastKnownFileType = sourcecode.c.objc; path = SMPageControl.m; sourceTree = "<group>"; };
		64228EC918FE2E7300461550 /* zh-Hans */ = {isa = PBXFileReference; lastKnownFileType = text.plist.strings; name = "zh-Hans"; path = "zh-Hans.lproj/InfoPlist.strings"; sourceTree = "<group>"; };
		64228ECB18FE2ED300461550 /* Base */ = {isa = PBXFileReference; lastKnownFileType = text.plist.strings; name = Base; path = Base.lproj/Localizable.strings; sourceTree = "<group>"; };
		64228ECD18FE2EE300461550 /* en */ = {isa = PBXFileReference; lastKnownFileType = text.plist.strings; name = en; path = en.lproj/Localizable.strings; sourceTree = "<group>"; };
		64228ECE18FE2EE300461550 /* zh-Hans */ = {isa = PBXFileReference; lastKnownFileType = text.plist.strings; name = "zh-Hans"; path = "zh-Hans.lproj/Localizable.strings"; sourceTree = "<group>"; };
		64293E841B6070360067BF05 /* BaseTranslucentViewController.swift */ = {isa = PBXFileReference; fileEncoding = 4; lastKnownFileType = sourcecode.swift; path = BaseTranslucentViewController.swift; sourceTree = "<group>"; };
		64293E861B6071BA0067BF05 /* ExplainTomatoTimeViewController.swift */ = {isa = PBXFileReference; fileEncoding = 4; lastKnownFileType = sourcecode.swift; path = ExplainTomatoTimeViewController.swift; sourceTree = "<group>"; };
		6434826E18C5D344009BF110 /* WorkAndRest.app */ = {isa = PBXFileReference; explicitFileType = wrapper.application; includeInIndex = 0; path = WorkAndRest.app; sourceTree = BUILT_PRODUCTS_DIR; };
		6434827118C5D344009BF110 /* Foundation.framework */ = {isa = PBXFileReference; lastKnownFileType = wrapper.framework; name = Foundation.framework; path = System/Library/Frameworks/Foundation.framework; sourceTree = SDKROOT; };
		6434827318C5D344009BF110 /* CoreGraphics.framework */ = {isa = PBXFileReference; lastKnownFileType = wrapper.framework; name = CoreGraphics.framework; path = System/Library/Frameworks/CoreGraphics.framework; sourceTree = SDKROOT; };
		6434827518C5D344009BF110 /* UIKit.framework */ = {isa = PBXFileReference; lastKnownFileType = wrapper.framework; name = UIKit.framework; path = System/Library/Frameworks/UIKit.framework; sourceTree = SDKROOT; };
		6434827918C5D344009BF110 /* WorkAndRest-Info.plist */ = {isa = PBXFileReference; lastKnownFileType = text.plist.xml; path = "WorkAndRest-Info.plist"; sourceTree = "<group>"; };
		6434827B18C5D344009BF110 /* en */ = {isa = PBXFileReference; lastKnownFileType = text.plist.strings; name = en; path = en.lproj/InfoPlist.strings; sourceTree = "<group>"; };
		6434827F18C5D344009BF110 /* WorkAndRest-Prefix.pch */ = {isa = PBXFileReference; lastKnownFileType = sourcecode.c.h; path = "WorkAndRest-Prefix.pch"; sourceTree = "<group>"; };
		6434828418C5D344009BF110 /* Base */ = {isa = PBXFileReference; lastKnownFileType = file.storyboard; name = Base; path = Base.lproj/Main.storyboard; sourceTree = "<group>"; };
		6434828918C5D344009BF110 /* Images.xcassets */ = {isa = PBXFileReference; lastKnownFileType = folder.assetcatalog; path = Images.xcassets; sourceTree = "<group>"; };
		6434828F18C5D344009BF110 /* WorkAndRestTests.xctest */ = {isa = PBXFileReference; explicitFileType = wrapper.cfbundle; includeInIndex = 0; path = WorkAndRestTests.xctest; sourceTree = BUILT_PRODUCTS_DIR; };
		6434829018C5D344009BF110 /* XCTest.framework */ = {isa = PBXFileReference; lastKnownFileType = wrapper.framework; name = XCTest.framework; path = Library/Frameworks/XCTest.framework; sourceTree = DEVELOPER_DIR; };
		6439ADC818E1325800CAC85B /* CoreData.framework */ = {isa = PBXFileReference; lastKnownFileType = wrapper.framework; name = CoreData.framework; path = System/Library/Frameworks/CoreData.framework; sourceTree = SDKROOT; };
		6442291C1A7A2F2000E516C1 /* TaskListViewController.swift */ = {isa = PBXFileReference; fileEncoding = 4; lastKnownFileType = sourcecode.swift; path = TaskListViewController.swift; sourceTree = "<group>"; };
		644554631A7CADD100F48164 /* TaskListItemCell.xib */ = {isa = PBXFileReference; fileEncoding = 4; lastKnownFileType = file.xib; path = TaskListItemCell.xib; sourceTree = "<group>"; };
		6458B66A1A7722BD004FD3D9 /* RootViewController.swift */ = {isa = PBXFileReference; fileEncoding = 4; lastKnownFileType = sourcecode.swift; path = RootViewController.swift; sourceTree = "<group>"; };
		645FDE0D1A7D98FB002EC8EF /* AppDelegate.swift */ = {isa = PBXFileReference; fileEncoding = 4; lastKnownFileType = sourcecode.swift; path = AppDelegate.swift; sourceTree = "<group>"; };
		645FDE101A7D9BA9002EC8EF /* sec.wav */ = {isa = PBXFileReference; lastKnownFileType = audio.wav; path = sec.wav; sourceTree = "<group>"; };
		645FDE111A7D9BA9002EC8EF /* SecondBeep.wav */ = {isa = PBXFileReference; lastKnownFileType = audio.wav; path = SecondBeep.wav; sourceTree = "<group>"; };
		645FDE151A7D9E8B002EC8EF /* GlobalConstants.swift */ = {isa = PBXFileReference; fileEncoding = 4; lastKnownFileType = sourcecode.swift; path = GlobalConstants.swift; sourceTree = "<group>"; };
		646141A31A80C11E0010E19E /* V8HorizontalPickerView.h */ = {isa = PBXFileReference; fileEncoding = 4; lastKnownFileType = sourcecode.c.h; path = V8HorizontalPickerView.h; sourceTree = "<group>"; };
		646141A41A80C11E0010E19E /* V8HorizontalPickerView.m */ = {isa = PBXFileReference; fileEncoding = 4; lastKnownFileType = sourcecode.c.objc; path = V8HorizontalPickerView.m; sourceTree = "<group>"; };
		646141A51A80C11E0010E19E /* V8HorizontalPickerViewProtocol.h */ = {isa = PBXFileReference; fileEncoding = 4; lastKnownFileType = sourcecode.c.h; path = V8HorizontalPickerViewProtocol.h; sourceTree = "<group>"; };
		646B04EC1A9A99C00083E065 /* WorkManager.swift */ = {isa = PBXFileReference; fileEncoding = 4; lastKnownFileType = sourcecode.swift; path = WorkManager.swift; sourceTree = "<group>"; };
		647603021AA9CD4500B1373E /* CMPopTipView.h */ = {isa = PBXFileReference; fileEncoding = 4; lastKnownFileType = sourcecode.c.h; path = CMPopTipView.h; sourceTree = "<group>"; };
		647603031AA9CD4500B1373E /* CMPopTipView.m */ = {isa = PBXFileReference; fileEncoding = 4; lastKnownFileType = sourcecode.c.objc; path = CMPopTipView.m; sourceTree = "<group>"; };
		64802BF01AA6B7FF00B49E2C /* IconBadgeNumberManager.swift */ = {isa = PBXFileReference; fileEncoding = 4; lastKnownFileType = sourcecode.swift; path = IconBadgeNumberManager.swift; sourceTree = "<group>"; };
		648311BD1A96B8E100F445AE /* StatisticsViewController.swift */ = {isa = PBXFileReference; fileEncoding = 4; lastKnownFileType = sourcecode.swift; path = StatisticsViewController.swift; sourceTree = "<group>"; };
		648A27D11AAD4DBD0002BF04 /* TaskDetailsTutorialViewController.swift */ = {isa = PBXFileReference; fileEncoding = 4; lastKnownFileType = sourcecode.swift; path = TaskDetailsTutorialViewController.swift; sourceTree = "<group>"; };
		648A27D31AAD6F730002BF04 /* ChartTutorialViewController.swift */ = {isa = PBXFileReference; fileEncoding = 4; lastKnownFileType = sourcecode.swift; path = ChartTutorialViewController.swift; sourceTree = "<group>"; };
		648A27DA1AAD84170002BF04 /* en */ = {isa = PBXFileReference; lastKnownFileType = text.plist.strings; name = en; path = en.lproj/Main.strings; sourceTree = "<group>"; };
		648A27DC1AAD841B0002BF04 /* zh-Hans */ = {isa = PBXFileReference; lastKnownFileType = text.plist.strings; name = "zh-Hans"; path = "zh-Hans.lproj/Main.strings"; sourceTree = "<group>"; };
		649308521A7AE22D00480677 /* TaskListItemCell.swift */ = {isa = PBXFileReference; fileEncoding = 4; lastKnownFileType = sourcecode.swift; path = TaskListItemCell.swift; sourceTree = "<group>"; };
		649308561A7AE65C00480677 /* BaseViewController.swift */ = {isa = PBXFileReference; fileEncoding = 4; lastKnownFileType = sourcecode.swift; path = BaseViewController.swift; sourceTree = "<group>"; };
		649308581A7AE68200480677 /* BaseTableViewController.swift */ = {isa = PBXFileReference; fileEncoding = 4; lastKnownFileType = sourcecode.swift; path = BaseTableViewController.swift; sourceTree = "<group>"; };
		6493085A1A7AE88B00480677 /* TaskTitleViewController.swift */ = {isa = PBXFileReference; fileEncoding = 4; lastKnownFileType = sourcecode.swift; path = TaskTitleViewController.swift; sourceTree = "<group>"; };
		6493C5A71A9032890036B5AE /* HelpViewController.swift */ = {isa = PBXFileReference; fileEncoding = 4; lastKnownFileType = sourcecode.swift; path = HelpViewController.swift; sourceTree = "<group>"; };
		6497FC6B1A85C5F70098535D /* StartViewController.swift */ = {isa = PBXFileReference; fileEncoding = 4; lastKnownFileType = sourcecode.swift; path = StartViewController.swift; sourceTree = "<group>"; };
		6497FE551A75A77800174307 /* Work.swift */ = {isa = PBXFileReference; fileEncoding = 4; lastKnownFileType = sourcecode.swift; path = Work.swift; sourceTree = "<group>"; };
		6497FE581A75A91600174307 /* WorkAndRest-Bridging-Header.h */ = {isa = PBXFileReference; fileEncoding = 4; lastKnownFileType = sourcecode.c.h; path = "WorkAndRest-Bridging-Header.h"; sourceTree = SOURCE_ROOT; };
		649893911A83959B0091822A /* LockNotifierCallback.h */ = {isa = PBXFileReference; fileEncoding = 4; lastKnownFileType = sourcecode.c.h; path = LockNotifierCallback.h; sourceTree = "<group>"; };
		649893921A83959B0091822A /* LockNotifierCallback.m */ = {isa = PBXFileReference; fileEncoding = 4; lastKnownFileType = sourcecode.c.objc; path = LockNotifierCallback.m; sourceTree = "<group>"; };
		649893941A842F790091822A /* CompletionCycleView.swift */ = {isa = PBXFileReference; fileEncoding = 4; lastKnownFileType = sourcecode.swift; path = CompletionCycleView.swift; sourceTree = "<group>"; };
		649893961A842F8B0091822A /* CompletionCycleView.xib */ = {isa = PBXFileReference; fileEncoding = 4; lastKnownFileType = file.xib; path = CompletionCycleView.xib; sourceTree = "<group>"; };
		649D54031A84521D002593F8 /* TaskTitleView.xib */ = {isa = PBXFileReference; fileEncoding = 4; lastKnownFileType = file.xib; path = TaskTitleView.xib; sourceTree = "<group>"; };
		649D54051A84522A002593F8 /* TaskTitleView.swift */ = {isa = PBXFileReference; fileEncoding = 4; lastKnownFileType = sourcecode.swift; path = TaskTitleView.swift; sourceTree = "<group>"; };
		649D54071A849978002593F8 /* WARDevide.swift */ = {isa = PBXFileReference; fileEncoding = 4; lastKnownFileType = sourcecode.swift; path = WARDevide.swift; sourceTree = "<group>"; };
		64A0BCD91A7FA14700F210CC /* NewTaskViewController.swift */ = {isa = PBXFileReference; fileEncoding = 4; lastKnownFileType = sourcecode.swift; path = NewTaskViewController.swift; sourceTree = "<group>"; };
		64A4D70918F7DCF8006BF4D1 /* AVFoundation.framework */ = {isa = PBXFileReference; lastKnownFileType = wrapper.framework; name = AVFoundation.framework; path = System/Library/Frameworks/AVFoundation.framework; sourceTree = SDKROOT; };
		64B563101AA7FC5700098532 /* StatisticsLocker.xib */ = {isa = PBXFileReference; fileEncoding = 4; lastKnownFileType = file.xib; path = StatisticsLocker.xib; sourceTree = "<group>"; };
		64B563121AA7FC7000098532 /* StatisticsLocker.swift */ = {isa = PBXFileReference; fileEncoding = 4; lastKnownFileType = sourcecode.swift; path = StatisticsLocker.swift; sourceTree = "<group>"; };
		64B563141AA8238300098532 /* ApplicationStateManager.swift */ = {isa = PBXFileReference; fileEncoding = 4; lastKnownFileType = sourcecode.swift; path = ApplicationStateManager.swift; sourceTree = "<group>"; };
		64B67F141A8063D0002127BC /* TimeSelectorView.swift */ = {isa = PBXFileReference; fileEncoding = 4; lastKnownFileType = sourcecode.swift; path = TimeSelectorView.swift; sourceTree = "<group>"; };
		64C497F51A8AE7F10051E605 /* TaskItemBaseView.xib */ = {isa = PBXFileReference; fileEncoding = 4; lastKnownFileType = file.xib; path = TaskItemBaseView.xib; sourceTree = "<group>"; };
		64C497F71A8AE91D0051E605 /* TaskItemBaseView.swift */ = {isa = PBXFileReference; fileEncoding = 4; lastKnownFileType = sourcecode.swift; path = TaskItemBaseView.swift; sourceTree = "<group>"; };
		64C99A571A7902A100F1D796 /* Launch Screen.xib */ = {isa = PBXFileReference; fileEncoding = 4; lastKnownFileType = file.xib; path = "Launch Screen.xib"; sourceTree = "<group>"; };
		64C99A5C1A7905A300F1D796 /* DBOperate.swift */ = {isa = PBXFileReference; fileEncoding = 4; lastKnownFileType = sourcecode.swift; path = DBOperate.swift; sourceTree = "<group>"; };
		64C99A5E1A7906EA00F1D796 /* Task.swift */ = {isa = PBXFileReference; fileEncoding = 4; lastKnownFileType = sourcecode.swift; path = Task.swift; sourceTree = "<group>"; };
		64CCE5321A89600C008D5A08 /* TaskDetailsViewController.swift */ = {isa = PBXFileReference; fileEncoding = 4; lastKnownFileType = sourcecode.swift; path = TaskDetailsViewController.swift; sourceTree = "<group>"; };
		64CF8A2D1A8EE48F000565C4 /* TaskManager.swift */ = {isa = PBXFileReference; fileEncoding = 4; lastKnownFileType = sourcecode.swift; path = TaskManager.swift; sourceTree = "<group>"; };
		64E3C1AA1A8752C400418426 /* TaskListHeaderView.swift */ = {isa = PBXFileReference; fileEncoding = 4; lastKnownFileType = sourcecode.swift; path = TaskListHeaderView.swift; sourceTree = "<group>"; };
		64E3C1AC1A8752CF00418426 /* TaskListHeaderView.xib */ = {isa = PBXFileReference; fileEncoding = 4; lastKnownFileType = file.xib; path = TaskListHeaderView.xib; sourceTree = "<group>"; };
		64EAEC2C1A7E37F70026C748 /* TaskRunner.swift */ = {isa = PBXFileReference; fileEncoding = 4; lastKnownFileType = sourcecode.swift; path = TaskRunner.swift; sourceTree = "<group>"; };
		64EBF6261AA9591200ACA139 /* ProductsManager.swift */ = {isa = PBXFileReference; fileEncoding = 4; lastKnownFileType = sourcecode.swift; path = ProductsManager.swift; sourceTree = "<group>"; };
		C33562B01B3140950051784D /* WorkAndRest WatchKit Extension.appex */ = {isa = PBXFileReference; explicitFileType = "wrapper.app-extension"; includeInIndex = 0; path = "WorkAndRest WatchKit Extension.appex"; sourceTree = BUILT_PRODUCTS_DIR; };
		C33562B31B3140950051784D /* Info.plist */ = {isa = PBXFileReference; lastKnownFileType = text.plist.xml; path = Info.plist; sourceTree = "<group>"; };
		C33562B41B3140950051784D /* PushNotificationPayload.apns */ = {isa = PBXFileReference; lastKnownFileType = text; path = PushNotificationPayload.apns; sourceTree = "<group>"; };
		C33562B51B3140950051784D /* InterfaceController.swift */ = {isa = PBXFileReference; lastKnownFileType = sourcecode.swift; path = InterfaceController.swift; sourceTree = "<group>"; };
		C33562B71B3140950051784D /* NotificationController.swift */ = {isa = PBXFileReference; lastKnownFileType = sourcecode.swift; path = NotificationController.swift; sourceTree = "<group>"; };
		C33562B91B3140950051784D /* GlanceController.swift */ = {isa = PBXFileReference; lastKnownFileType = sourcecode.swift; path = GlanceController.swift; sourceTree = "<group>"; };
		C33562BB1B3140950051784D /* Images.xcassets */ = {isa = PBXFileReference; lastKnownFileType = folder.assetcatalog; path = Images.xcassets; sourceTree = "<group>"; };
		C33562BF1B3140950051784D /* WorkAndRest WatchKit App.app */ = {isa = PBXFileReference; explicitFileType = wrapper.application; includeInIndex = 0; path = "WorkAndRest WatchKit App.app"; sourceTree = BUILT_PRODUCTS_DIR; };
		C33562C51B3140950051784D /* Info.plist */ = {isa = PBXFileReference; lastKnownFileType = text.plist.xml; path = Info.plist; sourceTree = "<group>"; };
		C33562C71B3140950051784D /* Base */ = {isa = PBXFileReference; lastKnownFileType = file.storyboard; name = Base; path = Base.lproj/Interface.storyboard; sourceTree = "<group>"; };
		C33562C91B3140950051784D /* Images.xcassets */ = {isa = PBXFileReference; lastKnownFileType = folder.assetcatalog; path = Images.xcassets; sourceTree = "<group>"; };
		C354053B1B560C80008111C2 /* IdentifierDef.swift */ = {isa = PBXFileReference; fileEncoding = 4; lastKnownFileType = sourcecode.swift; path = IdentifierDef.swift; sourceTree = "<group>"; };
		C354053E1B560DA1008111C2 /* IdentifierDef.swift */ = {isa = PBXFileReference; fileEncoding = 4; lastKnownFileType = sourcecode.swift; path = IdentifierDef.swift; sourceTree = "<group>"; };
		C35405401B560E37008111C2 /* WorkAndRest.entitlements */ = {isa = PBXFileReference; lastKnownFileType = text.xml; path = WorkAndRest.entitlements; sourceTree = "<group>"; };
		C35405411B560E84008111C2 /* WorkAndRest WatchKit Extension.entitlements */ = {isa = PBXFileReference; lastKnownFileType = text.xml; path = "WorkAndRest WatchKit Extension.entitlements"; sourceTree = "<group>"; };
		C373B9BC1B5504F600C8500F /* WorkAndRest WatchKit Extension-Bridging-Header.h */ = {isa = PBXFileReference; lastKnownFileType = sourcecode.c.h; path = "WorkAndRest WatchKit Extension-Bridging-Header.h"; sourceTree = "<group>"; };
		C5A3E743E49F064E285AF8F1 /* Pods-WorkAndRest.release.xcconfig */ = {isa = PBXFileReference; includeInIndex = 1; lastKnownFileType = text.xcconfig; name = "Pods-WorkAndRest.release.xcconfig"; path = "Pods/Target Support Files/Pods-WorkAndRest/Pods-WorkAndRest.release.xcconfig"; sourceTree = "<group>"; };
/* End PBXFileReference section */

/* Begin PBXFrameworksBuildPhase section */
		6434826B18C5D344009BF110 /* Frameworks */ = {
			isa = PBXFrameworksBuildPhase;
			buildActionMask = 2147483647;
			files = (
				64012C951900D68F006FC2B2 /* AudioToolbox.framework in Frameworks */,
				64012C8E1900B8C2006FC2B2 /* SystemConfiguration.framework in Frameworks */,
				64012C8C1900B8B4006FC2B2 /* CFNetwork.framework in Frameworks */,
				64A4D70A18F7DCF8006BF4D1 /* AVFoundation.framework in Frameworks */,
				6439ADC918E1325800CAC85B /* CoreData.framework in Frameworks */,
				6434827418C5D344009BF110 /* CoreGraphics.framework in Frameworks */,
				6434827618C5D344009BF110 /* UIKit.framework in Frameworks */,
				6434827218C5D344009BF110 /* Foundation.framework in Frameworks */,
				6366CA4770DE1F5505F0A915 /* libPods-WorkAndRest.a in Frameworks */,
			);
			runOnlyForDeploymentPostprocessing = 0;
		};
		6434828C18C5D344009BF110 /* Frameworks */ = {
			isa = PBXFrameworksBuildPhase;
			buildActionMask = 2147483647;
			files = (
				6434829118C5D344009BF110 /* XCTest.framework in Frameworks */,
				6434829318C5D344009BF110 /* UIKit.framework in Frameworks */,
				6434829218C5D344009BF110 /* Foundation.framework in Frameworks */,
			);
			runOnlyForDeploymentPostprocessing = 0;
		};
		C33562AD1B3140950051784D /* Frameworks */ = {
			isa = PBXFrameworksBuildPhase;
			buildActionMask = 2147483647;
			files = (
				3724A4AE42E8FF4DF4C9AAB9 /* libPods-WorkAndRest.a in Frameworks */,
			);
			runOnlyForDeploymentPostprocessing = 0;
		};
/* End PBXFrameworksBuildPhase section */

/* Begin PBXGroup section */
		446B6C0ECC87852E3341038B /* Pods */ = {
			isa = PBXGroup;
			children = (
				246F568FE59BA740870E8FD1 /* Pods-WorkAndRest.debug.xcconfig */,
				C5A3E743E49F064E285AF8F1 /* Pods-WorkAndRest.release.xcconfig */,
			);
			name = Pods;
			sourceTree = "<group>";
		};
		64012C861900B870006FC2B2 /* Libs */ = {
			isa = PBXGroup;
			children = (
				641B4A851AAC30EB0078E906 /* SMPageControl */,
				647603011AA9CD4500B1373E /* CMPopTipView */,
				646141A21A80C11E0010E19E /* V8HorizontalPickerView */,
				64012C871900B887006FC2B2 /* Appirater */,
			);
			name = Libs;
			sourceTree = "<group>";
		};
		64012C871900B887006FC2B2 /* Appirater */ = {
			isa = PBXGroup;
			children = (
				64012C901900B979006FC2B2 /* zh-Hans.lproj */,
				64012C8F1900B92D006FC2B2 /* AppiraterDelegate.h */,
				64012C881900B89D006FC2B2 /* Appirater.h */,
				64012C891900B89D006FC2B2 /* Appirater.m */,
			);
			name = Appirater;
			sourceTree = "<group>";
		};
		64012C901900B979006FC2B2 /* zh-Hans.lproj */ = {
			isa = PBXGroup;
			children = (
				64012C911900B979006FC2B2 /* AppiraterLocalizable.strings */,
			);
			path = "zh-Hans.lproj";
			sourceTree = "<group>";
		};
		641B4A851AAC30EB0078E906 /* SMPageControl */ = {
			isa = PBXGroup;
			children = (
				641B4A861AAC30EB0078E906 /* SMPageControl.h */,
				641B4A871AAC30EB0078E906 /* SMPageControl.m */,
			);
			path = SMPageControl;
			sourceTree = "<group>";
		};
		6434826518C5D343009BF110 = {
			isa = PBXGroup;
			children = (
				64012C861900B870006FC2B2 /* Libs */,
				6434827718C5D344009BF110 /* WorkAndRest */,
				C33562B11B3140950051784D /* WorkAndRest WatchKit Extension */,
				C33562C31B3140950051784D /* WorkAndRest WatchKit App */,
				6434827018C5D344009BF110 /* Frameworks */,
				6434826F18C5D344009BF110 /* Products */,
				446B6C0ECC87852E3341038B /* Pods */,
			);
			sourceTree = "<group>";
		};
		6434826F18C5D344009BF110 /* Products */ = {
			isa = PBXGroup;
			children = (
				6434826E18C5D344009BF110 /* WorkAndRest.app */,
				6434828F18C5D344009BF110 /* WorkAndRestTests.xctest */,
				C33562B01B3140950051784D /* WorkAndRest WatchKit Extension.appex */,
				C33562BF1B3140950051784D /* WorkAndRest WatchKit App.app */,
			);
			name = Products;
			sourceTree = "<group>";
		};
		6434827018C5D344009BF110 /* Frameworks */ = {
			isa = PBXGroup;
			children = (
				64012C941900D68F006FC2B2 /* AudioToolbox.framework */,
				64012C8D1900B8C2006FC2B2 /* SystemConfiguration.framework */,
				64012C8B1900B8B4006FC2B2 /* CFNetwork.framework */,
				64A4D70918F7DCF8006BF4D1 /* AVFoundation.framework */,
				6439ADC818E1325800CAC85B /* CoreData.framework */,
				6434827118C5D344009BF110 /* Foundation.framework */,
				6434827318C5D344009BF110 /* CoreGraphics.framework */,
				6434827518C5D344009BF110 /* UIKit.framework */,
				6434829018C5D344009BF110 /* XCTest.framework */,
				1ABC0B3A45728AF8F7A1A7D1 /* libPods-WorkAndRest.a */,
			);
			name = Frameworks;
			sourceTree = "<group>";
		};
		6434827718C5D344009BF110 /* WorkAndRest */ = {
			isa = PBXGroup;
			children = (
				C35405401B560E37008111C2 /* WorkAndRest.entitlements */,
				6458B66C1A7722E3004FD3D9 /* Views */,
				6497FE501A75A72000174307 /* Models */,
				6458B6661A772279004FD3D9 /* ViewControllers */,
				64EAEC2B1A7E37830026C748 /* BusinessLogic */,
				6497FE4C1A75A28B00174307 /* DBOperate */,
				645FDE141A7D9E7F002EC8EF /* Common */,
				6434827818C5D344009BF110 /* Supporting Files */,
				6434828318C5D344009BF110 /* Main.storyboard */,
				64C99A571A7902A100F1D796 /* Launch Screen.xib */,
				6434828918C5D344009BF110 /* Images.xcassets */,
			);
			path = WorkAndRest;
			sourceTree = "<group>";
		};
		6434827818C5D344009BF110 /* Supporting Files */ = {
			isa = PBXGroup;
			children = (
				645FDE0D1A7D98FB002EC8EF /* AppDelegate.swift */,
				6434827F18C5D344009BF110 /* WorkAndRest-Prefix.pch */,
				6497FE581A75A91600174307 /* WorkAndRest-Bridging-Header.h */,
				6434827918C5D344009BF110 /* WorkAndRest-Info.plist */,
				645FDE0F1A7D9BA9002EC8EF /* Sounds */,
				64228ECC18FE2ED300461550 /* Localizable.strings */,
				6434827A18C5D344009BF110 /* InfoPlist.strings */,
			);
			name = "Supporting Files";
			sourceTree = "<group>";
		};
		6458B6661A772279004FD3D9 /* ViewControllers */ = {
			isa = PBXGroup;
			children = (
				648A27CD1AAD4DA00002BF04 /* Tutorials */,
				649308561A7AE65C00480677 /* BaseViewController.swift */,
				649308581A7AE68200480677 /* BaseTableViewController.swift */,
				6458B66A1A7722BD004FD3D9 /* RootViewController.swift */,
				6442291C1A7A2F2000E516C1 /* TaskListViewController.swift */,
				64A0BCD91A7FA14700F210CC /* NewTaskViewController.swift */,
				6493085A1A7AE88B00480677 /* TaskTitleViewController.swift */,
				6497FC6B1A85C5F70098535D /* StartViewController.swift */,
				64CCE5321A89600C008D5A08 /* TaskDetailsViewController.swift */,
				6493C5A71A9032890036B5AE /* HelpViewController.swift */,
				6415C60A1A9234D400A9FBCA /* SettingsViewController.swift */,
				648311BD1A96B8E100F445AE /* StatisticsViewController.swift */,
				64293E841B6070360067BF05 /* BaseTranslucentViewController.swift */,
				64293E861B6071BA0067BF05 /* ExplainTomatoTimeViewController.swift */,
			);
			path = ViewControllers;
			sourceTree = "<group>";
		};
		6458B66C1A7722E3004FD3D9 /* Views */ = {
			isa = PBXGroup;
			children = (
				64C497F51A8AE7F10051E605 /* TaskItemBaseView.xib */,
				64C497F71A8AE91D0051E605 /* TaskItemBaseView.swift */,
				644554631A7CADD100F48164 /* TaskListItemCell.xib */,
				649308521A7AE22D00480677 /* TaskListItemCell.swift */,
				64B67F141A8063D0002127BC /* TimeSelectorView.swift */,
				649893961A842F8B0091822A /* CompletionCycleView.xib */,
				649893941A842F790091822A /* CompletionCycleView.swift */,
				649D54031A84521D002593F8 /* TaskTitleView.xib */,
				649D54051A84522A002593F8 /* TaskTitleView.swift */,
				64E3C1AC1A8752CF00418426 /* TaskListHeaderView.xib */,
				64E3C1AA1A8752C400418426 /* TaskListHeaderView.swift */,
				64B563101AA7FC5700098532 /* StatisticsLocker.xib */,
				64B563121AA7FC7000098532 /* StatisticsLocker.swift */,
			);
			path = Views;
			sourceTree = "<group>";
		};
		645FDE0F1A7D9BA9002EC8EF /* Sounds */ = {
			isa = PBXGroup;
			children = (
				645FDE101A7D9BA9002EC8EF /* sec.wav */,
				645FDE111A7D9BA9002EC8EF /* SecondBeep.wav */,
			);
			path = Sounds;
			sourceTree = "<group>";
		};
		645FDE141A7D9E7F002EC8EF /* Common */ = {
			isa = PBXGroup;
			children = (
				645FDE151A7D9E8B002EC8EF /* GlobalConstants.swift */,
				649D54071A849978002593F8 /* WARDevide.swift */,
				C354053B1B560C80008111C2 /* IdentifierDef.swift */,
			);
			path = Common;
			sourceTree = "<group>";
		};
		646141A21A80C11E0010E19E /* V8HorizontalPickerView */ = {
			isa = PBXGroup;
			children = (
				646141A31A80C11E0010E19E /* V8HorizontalPickerView.h */,
				646141A41A80C11E0010E19E /* V8HorizontalPickerView.m */,
				646141A51A80C11E0010E19E /* V8HorizontalPickerViewProtocol.h */,
			);
			path = V8HorizontalPickerView;
			sourceTree = "<group>";
		};
		647603011AA9CD4500B1373E /* CMPopTipView */ = {
			isa = PBXGroup;
			children = (
				647603021AA9CD4500B1373E /* CMPopTipView.h */,
				647603031AA9CD4500B1373E /* CMPopTipView.m */,
			);
			path = CMPopTipView;
			sourceTree = "<group>";
		};
		648A27CD1AAD4DA00002BF04 /* Tutorials */ = {
			isa = PBXGroup;
			children = (
				648A27D11AAD4DBD0002BF04 /* TaskDetailsTutorialViewController.swift */,
				648A27D31AAD6F730002BF04 /* ChartTutorialViewController.swift */,
			);
			path = Tutorials;
			sourceTree = "<group>";
		};
		6497FE4C1A75A28B00174307 /* DBOperate */ = {
			isa = PBXGroup;
			children = (
				64C99A5C1A7905A300F1D796 /* DBOperate.swift */,
			);
			path = DBOperate;
			sourceTree = "<group>";
		};
		6497FE501A75A72000174307 /* Models */ = {
			isa = PBXGroup;
			children = (
				6497FE551A75A77800174307 /* Work.swift */,
				64C99A5E1A7906EA00F1D796 /* Task.swift */,
			);
			path = Models;
			sourceTree = "<group>";
		};
		64EAEC2B1A7E37830026C748 /* BusinessLogic */ = {
			isa = PBXGroup;
			children = (
				64CF8A2D1A8EE48F000565C4 /* TaskManager.swift */,
				646B04EC1A9A99C00083E065 /* WorkManager.swift */,
				64EAEC2C1A7E37F70026C748 /* TaskRunner.swift */,
				640B370E1A81908C0020C817 /* TaskRunnerManager.swift */,
				649893911A83959B0091822A /* LockNotifierCallback.h */,
				649893921A83959B0091822A /* LockNotifierCallback.m */,
				64802BF01AA6B7FF00B49E2C /* IconBadgeNumberManager.swift */,
				64B563141AA8238300098532 /* ApplicationStateManager.swift */,
				64EBF6261AA9591200ACA139 /* ProductsManager.swift */,
			);
			path = BusinessLogic;
			sourceTree = "<group>";
		};
		C33562B11B3140950051784D /* WorkAndRest WatchKit Extension */ = {
			isa = PBXGroup;
			children = (
				C35405411B560E84008111C2 /* WorkAndRest WatchKit Extension.entitlements */,
				C354053D1B560D62008111C2 /* Common */,
				C33562B51B3140950051784D /* InterfaceController.swift */,
				C33562B71B3140950051784D /* NotificationController.swift */,
				C33562B91B3140950051784D /* GlanceController.swift */,
				C33562BB1B3140950051784D /* Images.xcassets */,
				C33562B21B3140950051784D /* Supporting Files */,
			);
			path = "WorkAndRest WatchKit Extension";
			sourceTree = "<group>";
		};
		C33562B21B3140950051784D /* Supporting Files */ = {
			isa = PBXGroup;
			children = (
				C33562B31B3140950051784D /* Info.plist */,
				C33562B41B3140950051784D /* PushNotificationPayload.apns */,
				C373B9BC1B5504F600C8500F /* WorkAndRest WatchKit Extension-Bridging-Header.h */,
			);
			name = "Supporting Files";
			sourceTree = "<group>";
		};
		C33562C31B3140950051784D /* WorkAndRest WatchKit App */ = {
			isa = PBXGroup;
			children = (
				C33562C61B3140950051784D /* Interface.storyboard */,
				C33562C91B3140950051784D /* Images.xcassets */,
				C33562C41B3140950051784D /* Supporting Files */,
			);
			path = "WorkAndRest WatchKit App";
			sourceTree = "<group>";
		};
		C33562C41B3140950051784D /* Supporting Files */ = {
			isa = PBXGroup;
			children = (
				C33562C51B3140950051784D /* Info.plist */,
			);
			name = "Supporting Files";
			sourceTree = "<group>";
		};
		C354053D1B560D62008111C2 /* Common */ = {
			isa = PBXGroup;
			children = (
				C354053E1B560DA1008111C2 /* IdentifierDef.swift */,
			);
			path = Common;
			sourceTree = "<group>";
		};
/* End PBXGroup section */

/* Begin PBXNativeTarget section */
		6434826D18C5D344009BF110 /* WorkAndRest */ = {
			isa = PBXNativeTarget;
			buildConfigurationList = 643482A018C5D344009BF110 /* Build configuration list for PBXNativeTarget "WorkAndRest" */;
			buildPhases = (
				3A22C8E737BE42FC46093E6C /* Check Pods Manifest.lock */,
				6434826A18C5D344009BF110 /* Sources */,
				6434826B18C5D344009BF110 /* Frameworks */,
				6434826C18C5D344009BF110 /* Resources */,
				D3190410B09D907F3F9DAAC1 /* Copy Pods Resources */,
				C33562D41B3140950051784D /* Embed App Extensions */,
			);
			buildRules = (
			);
			dependencies = (
				C33562CC1B3140950051784D /* PBXTargetDependency */,
			);
			name = WorkAndRest;
			productName = WorkAndRest;
			productReference = 6434826E18C5D344009BF110 /* WorkAndRest.app */;
			productType = "com.apple.product-type.application";
		};
		6434828E18C5D344009BF110 /* WorkAndRestTests */ = {
			isa = PBXNativeTarget;
			buildConfigurationList = 643482A318C5D344009BF110 /* Build configuration list for PBXNativeTarget "WorkAndRestTests" */;
			buildPhases = (
				6434828B18C5D344009BF110 /* Sources */,
				6434828C18C5D344009BF110 /* Frameworks */,
				6434828D18C5D344009BF110 /* Resources */,
			);
			buildRules = (
			);
			dependencies = (
				6434829518C5D344009BF110 /* PBXTargetDependency */,
			);
			name = WorkAndRestTests;
			productName = WorkAndRestTests;
			productReference = 6434828F18C5D344009BF110 /* WorkAndRestTests.xctest */;
			productType = "com.apple.product-type.bundle.unit-test";
		};
		C33562AF1B3140950051784D /* WorkAndRest WatchKit Extension */ = {
			isa = PBXNativeTarget;
			buildConfigurationList = C33562D11B3140950051784D /* Build configuration list for PBXNativeTarget "WorkAndRest WatchKit Extension" */;
			buildPhases = (
				80DCCEA189E04C82F96FBCA1 /* Check Pods Manifest.lock */,
				C33562AC1B3140950051784D /* Sources */,
				C33562AD1B3140950051784D /* Frameworks */,
				C33562AE1B3140950051784D /* Resources */,
				F4A180AEFC8CD284AC903B22 /* Copy Pods Resources */,
			);
			buildRules = (
			);
			dependencies = (
				C33562C21B3140950051784D /* PBXTargetDependency */,
			);
			name = "WorkAndRest WatchKit Extension";
			productName = "WorkAndRest WatchKit Extension";
			productReference = C33562B01B3140950051784D /* WorkAndRest WatchKit Extension.appex */;
			productType = "com.apple.product-type.watchkit-extension";
		};
		C33562BE1B3140950051784D /* WorkAndRest WatchKit App */ = {
			isa = PBXNativeTarget;
			buildConfigurationList = C33562CE1B3140950051784D /* Build configuration list for PBXNativeTarget "WorkAndRest WatchKit App" */;
			buildPhases = (
				C33562BD1B3140950051784D /* Resources */,
			);
			buildRules = (
			);
			dependencies = (
			);
			name = "WorkAndRest WatchKit App";
			productName = "WorkAndRest WatchKit App";
			productReference = C33562BF1B3140950051784D /* WorkAndRest WatchKit App.app */;
			productType = "com.apple.product-type.application.watchapp";
		};
/* End PBXNativeTarget section */

/* Begin PBXProject section */
		6434826618C5D343009BF110 /* Project object */ = {
			isa = PBXProject;
			attributes = {
				CLASSPREFIX = WorkAndRest;
				LastUpgradeCheck = 0510;
				ORGANIZATIONNAME = YangCun;
				TargetAttributes = {
					6434826D18C5D344009BF110 = {
						DevelopmentTeam = W536UCFWXT;
						SystemCapabilities = {
							com.apple.ApplicationGroups.iOS = {
								enabled = 1;
							};
							com.apple.InAppPurchase = {
								enabled = 0;
							};
						};
					};
					6434828E18C5D344009BF110 = {
						TestTargetID = 6434826D18C5D344009BF110;
					};
					C33562AF1B3140950051784D = {
						CreatedOnToolsVersion = 6.3.2;
						DevelopmentTeam = W536UCFWXT;
						SystemCapabilities = {
							com.apple.ApplicationGroups.iOS = {
								enabled = 1;
							};
						};
					};
					C33562BE1B3140950051784D = {
						CreatedOnToolsVersion = 6.3.2;
						DevelopmentTeam = W536UCFWXT;
					};
				};
			};
			buildConfigurationList = 6434826918C5D343009BF110 /* Build configuration list for PBXProject "WorkAndRest" */;
			compatibilityVersion = "Xcode 3.2";
			developmentRegion = English;
			hasScannedForEncodings = 0;
			knownRegions = (
				en,
				Base,
				"zh-Hans",
			);
			mainGroup = 6434826518C5D343009BF110;
			productRefGroup = 6434826F18C5D344009BF110 /* Products */;
			projectDirPath = "";
			projectRoot = "";
			targets = (
				6434826D18C5D344009BF110 /* WorkAndRest */,
				6434828E18C5D344009BF110 /* WorkAndRestTests */,
				C33562AF1B3140950051784D /* WorkAndRest WatchKit Extension */,
				C33562BE1B3140950051784D /* WorkAndRest WatchKit App */,
			);
		};
/* End PBXProject section */

/* Begin PBXResourcesBuildPhase section */
		6434826C18C5D344009BF110 /* Resources */ = {
			isa = PBXResourcesBuildPhase;
			buildActionMask = 2147483647;
			files = (
				649D54041A84521D002593F8 /* TaskTitleView.xib in Resources */,
				6434828A18C5D344009BF110 /* Images.xcassets in Resources */,
				64E3C1AD1A8752CF00418426 /* TaskListHeaderView.xib in Resources */,
				649893971A842F8B0091822A /* CompletionCycleView.xib in Resources */,
				6434827C18C5D344009BF110 /* InfoPlist.strings in Resources */,
				64228ECA18FE2ED300461550 /* Localizable.strings in Resources */,
				64012C931900B979006FC2B2 /* AppiraterLocalizable.strings in Resources */,
				64C99A581A7902A100F1D796 /* Launch Screen.xib in Resources */,
				64B563111AA7FC5700098532 /* StatisticsLocker.xib in Resources */,
				644554641A7CADD100F48164 /* TaskListItemCell.xib in Resources */,
				64C497F61A8AE7F10051E605 /* TaskItemBaseView.xib in Resources */,
				645FDE131A7D9BA9002EC8EF /* SecondBeep.wav in Resources */,
				645FDE121A7D9BA9002EC8EF /* sec.wav in Resources */,
				6434828518C5D344009BF110 /* Main.storyboard in Resources */,
			);
			runOnlyForDeploymentPostprocessing = 0;
		};
		6434828D18C5D344009BF110 /* Resources */ = {
			isa = PBXResourcesBuildPhase;
			buildActionMask = 2147483647;
			files = (
			);
			runOnlyForDeploymentPostprocessing = 0;
		};
		C33562AE1B3140950051784D /* Resources */ = {
			isa = PBXResourcesBuildPhase;
			buildActionMask = 2147483647;
			files = (
				C33562BC1B3140950051784D /* Images.xcassets in Resources */,
				C33562C01B3140950051784D /* WorkAndRest WatchKit App.app in Resources */,
			);
			runOnlyForDeploymentPostprocessing = 0;
		};
		C33562BD1B3140950051784D /* Resources */ = {
			isa = PBXResourcesBuildPhase;
			buildActionMask = 2147483647;
			files = (
				C33562C81B3140950051784D /* Interface.storyboard in Resources */,
				C33562CA1B3140950051784D /* Images.xcassets in Resources */,
			);
			runOnlyForDeploymentPostprocessing = 0;
		};
/* End PBXResourcesBuildPhase section */

/* Begin PBXShellScriptBuildPhase section */
		3A22C8E737BE42FC46093E6C /* Check Pods Manifest.lock */ = {
			isa = PBXShellScriptBuildPhase;
			buildActionMask = 2147483647;
			files = (
			);
			inputPaths = (
			);
			name = "Check Pods Manifest.lock";
			outputPaths = (
			);
			runOnlyForDeploymentPostprocessing = 0;
			shellPath = /bin/sh;
			shellScript = "diff \"${PODS_ROOT}/../Podfile.lock\" \"${PODS_ROOT}/Manifest.lock\" > /dev/null\nif [[ $? != 0 ]] ; then\n    cat << EOM\nerror: The sandbox is not in sync with the Podfile.lock. Run 'pod install' or update your CocoaPods installation.\nEOM\n    exit 1\nfi\n";
			showEnvVarsInLog = 0;
		};
		80DCCEA189E04C82F96FBCA1 /* Check Pods Manifest.lock */ = {
			isa = PBXShellScriptBuildPhase;
			buildActionMask = 2147483647;
			files = (
			);
			inputPaths = (
			);
			name = "Check Pods Manifest.lock";
			outputPaths = (
			);
			runOnlyForDeploymentPostprocessing = 0;
			shellPath = /bin/sh;
			shellScript = "diff \"${PODS_ROOT}/../Podfile.lock\" \"${PODS_ROOT}/Manifest.lock\" > /dev/null\nif [[ $? != 0 ]] ; then\n    cat << EOM\nerror: The sandbox is not in sync with the Podfile.lock. Run 'pod install' or update your CocoaPods installation.\nEOM\n    exit 1\nfi\n";
			showEnvVarsInLog = 0;
		};
		D3190410B09D907F3F9DAAC1 /* Copy Pods Resources */ = {
			isa = PBXShellScriptBuildPhase;
			buildActionMask = 2147483647;
			files = (
			);
			inputPaths = (
			);
			name = "Copy Pods Resources";
			outputPaths = (
			);
			runOnlyForDeploymentPostprocessing = 0;
			shellPath = /bin/sh;
			shellScript = "\"${SRCROOT}/Pods/Target Support Files/Pods-WorkAndRest/Pods-WorkAndRest-resources.sh\"\n";
			showEnvVarsInLog = 0;
		};
		F4A180AEFC8CD284AC903B22 /* Copy Pods Resources */ = {
			isa = PBXShellScriptBuildPhase;
			buildActionMask = 2147483647;
			files = (
			);
			inputPaths = (
			);
			name = "Copy Pods Resources";
			outputPaths = (
			);
			runOnlyForDeploymentPostprocessing = 0;
			shellPath = /bin/sh;
			shellScript = "\"${SRCROOT}/Pods/Target Support Files/Pods-WorkAndRest/Pods-WorkAndRest-resources.sh\"\n";
			showEnvVarsInLog = 0;
		};
/* End PBXShellScriptBuildPhase section */

/* Begin PBXSourcesBuildPhase section */
		6434826A18C5D344009BF110 /* Sources */ = {
			isa = PBXSourcesBuildPhase;
			buildActionMask = 2147483647;
			files = (
				64EBF6271AA9591200ACA139 /* ProductsManager.swift in Sources */,
				64C99A5D1A7905A300F1D796 /* DBOperate.swift in Sources */,
				64B563131AA7FC7000098532 /* StatisticsLocker.swift in Sources */,
				64A0BCDA1A7FA14700F210CC /* NewTaskViewController.swift in Sources */,
				648A27D21AAD4DBD0002BF04 /* TaskDetailsTutorialViewController.swift in Sources */,
				64E3C1AB1A8752C400418426 /* TaskListHeaderView.swift in Sources */,
				64CCE5331A89600C008D5A08 /* TaskDetailsViewController.swift in Sources */,
				64EAEC2D1A7E37F70026C748 /* TaskRunner.swift in Sources */,
				64012C8A1900B89D006FC2B2 /* Appirater.m in Sources */,
				649D54081A849978002593F8 /* WARDevide.swift in Sources */,
				6442291D1A7A2F2000E516C1 /* TaskListViewController.swift in Sources */,
				645FDE0E1A7D98FB002EC8EF /* AppDelegate.swift in Sources */,
				C354053C1B560C80008111C2 /* IdentifierDef.swift in Sources */,
				649308571A7AE65C00480677 /* BaseViewController.swift in Sources */,
				647603041AA9CD4500B1373E /* CMPopTipView.m in Sources */,
				646141A61A80C11E0010E19E /* V8HorizontalPickerView.m in Sources */,
				6497FE561A75A77800174307 /* Work.swift in Sources */,
				648A27D41AAD6F730002BF04 /* ChartTutorialViewController.swift in Sources */,
				64C497F81A8AE91D0051E605 /* TaskItemBaseView.swift in Sources */,
				640B370F1A81908C0020C817 /* TaskRunnerManager.swift in Sources */,
				649D54061A84522A002593F8 /* TaskTitleView.swift in Sources */,
				64C99A5F1A7906EA00F1D796 /* Task.swift in Sources */,
				6493085B1A7AE88B00480677 /* TaskTitleViewController.swift in Sources */,
				641B4A881AAC30EB0078E906 /* SMPageControl.m in Sources */,
				646B04ED1A9A99C00083E065 /* WorkManager.swift in Sources */,
				64B563151AA8238300098532 /* ApplicationStateManager.swift in Sources */,
				6458B66B1A7722BD004FD3D9 /* RootViewController.swift in Sources */,
				6497FC6C1A85C5F70098535D /* StartViewController.swift in Sources */,
				64293E871B6071BA0067BF05 /* ExplainTomatoTimeViewController.swift in Sources */,
				649308591A7AE68200480677 /* BaseTableViewController.swift in Sources */,
				648311BE1A96B8E100F445AE /* StatisticsViewController.swift in Sources */,
				64802BF11AA6B7FF00B49E2C /* IconBadgeNumberManager.swift in Sources */,
				645FDE161A7D9E8C002EC8EF /* GlobalConstants.swift in Sources */,
				6415C60B1A9234D400A9FBCA /* SettingsViewController.swift in Sources */,
				649308531A7AE22D00480677 /* TaskListItemCell.swift in Sources */,
				64B67F151A8063D0002127BC /* TimeSelectorView.swift in Sources */,
				64293E851B6070360067BF05 /* BaseTranslucentViewController.swift in Sources */,
				649893951A842F790091822A /* CompletionCycleView.swift in Sources */,
				64CF8A2E1A8EE48F000565C4 /* TaskManager.swift in Sources */,
				649893931A83959B0091822A /* LockNotifierCallback.m in Sources */,
				6493C5A81A9032890036B5AE /* HelpViewController.swift in Sources */,
			);
			runOnlyForDeploymentPostprocessing = 0;
		};
		6434828B18C5D344009BF110 /* Sources */ = {
			isa = PBXSourcesBuildPhase;
			buildActionMask = 2147483647;
			files = (
			);
			runOnlyForDeploymentPostprocessing = 0;
		};
		C33562AC1B3140950051784D /* Sources */ = {
			isa = PBXSourcesBuildPhase;
			buildActionMask = 2147483647;
			files = (
				C354053F1B560DA1008111C2 /* IdentifierDef.swift in Sources */,
				C33562B81B3140950051784D /* NotificationController.swift in Sources */,
				C33562B61B3140950051784D /* InterfaceController.swift in Sources */,
				C33562BA1B3140950051784D /* GlanceController.swift in Sources */,
			);
			runOnlyForDeploymentPostprocessing = 0;
		};
/* End PBXSourcesBuildPhase section */

/* Begin PBXTargetDependency section */
		6434829518C5D344009BF110 /* PBXTargetDependency */ = {
			isa = PBXTargetDependency;
			target = 6434826D18C5D344009BF110 /* WorkAndRest */;
			targetProxy = 6434829418C5D344009BF110 /* PBXContainerItemProxy */;
		};
		C33562C21B3140950051784D /* PBXTargetDependency */ = {
			isa = PBXTargetDependency;
			target = C33562BE1B3140950051784D /* WorkAndRest WatchKit App */;
			targetProxy = C33562C11B3140950051784D /* PBXContainerItemProxy */;
		};
		C33562CC1B3140950051784D /* PBXTargetDependency */ = {
			isa = PBXTargetDependency;
			target = C33562AF1B3140950051784D /* WorkAndRest WatchKit Extension */;
			targetProxy = C33562CB1B3140950051784D /* PBXContainerItemProxy */;
		};
/* End PBXTargetDependency section */

/* Begin PBXVariantGroup section */
		64012C911900B979006FC2B2 /* AppiraterLocalizable.strings */ = {
			isa = PBXVariantGroup;
			children = (
				64012C921900B979006FC2B2 /* zh-Hans */,
			);
			name = AppiraterLocalizable.strings;
			sourceTree = "<group>";
		};
		64228ECC18FE2ED300461550 /* Localizable.strings */ = {
			isa = PBXVariantGroup;
			children = (
				64228ECB18FE2ED300461550 /* Base */,
				64228ECD18FE2EE300461550 /* en */,
				64228ECE18FE2EE300461550 /* zh-Hans */,
			);
			name = Localizable.strings;
			sourceTree = "<group>";
		};
		6434827A18C5D344009BF110 /* InfoPlist.strings */ = {
			isa = PBXVariantGroup;
			children = (
				6434827B18C5D344009BF110 /* en */,
				64228EC918FE2E7300461550 /* zh-Hans */,
			);
			name = InfoPlist.strings;
			sourceTree = "<group>";
		};
		6434828318C5D344009BF110 /* Main.storyboard */ = {
			isa = PBXVariantGroup;
			children = (
				6434828418C5D344009BF110 /* Base */,
				648A27DA1AAD84170002BF04 /* en */,
				648A27DC1AAD841B0002BF04 /* zh-Hans */,
			);
			name = Main.storyboard;
			sourceTree = "<group>";
		};
		C33562C61B3140950051784D /* Interface.storyboard */ = {
			isa = PBXVariantGroup;
			children = (
				C33562C71B3140950051784D /* Base */,
			);
			name = Interface.storyboard;
			sourceTree = "<group>";
		};
/* End PBXVariantGroup section */

/* Begin XCBuildConfiguration section */
		6434829E18C5D344009BF110 /* Debug */ = {
			isa = XCBuildConfiguration;
			buildSettings = {
				ALWAYS_SEARCH_USER_PATHS = NO;
				CLANG_CXX_LANGUAGE_STANDARD = "gnu++0x";
				CLANG_CXX_LIBRARY = "libc++";
				CLANG_ENABLE_MODULES = YES;
				CLANG_ENABLE_OBJC_ARC = YES;
				CLANG_WARN_BOOL_CONVERSION = YES;
				CLANG_WARN_CONSTANT_CONVERSION = YES;
				CLANG_WARN_DIRECT_OBJC_ISA_USAGE = YES_ERROR;
				CLANG_WARN_EMPTY_BODY = YES;
				CLANG_WARN_ENUM_CONVERSION = YES;
				CLANG_WARN_INT_CONVERSION = YES;
				CLANG_WARN_OBJC_ROOT_CLASS = YES_ERROR;
				CLANG_WARN__DUPLICATE_METHOD_MATCH = YES;
				"CODE_SIGN_IDENTITY[sdk=iphoneos*]" = "iPhone Developer";
				COPY_PHASE_STRIP = NO;
				GCC_C_LANGUAGE_STANDARD = gnu99;
				GCC_DYNAMIC_NO_PIC = NO;
				GCC_OPTIMIZATION_LEVEL = 0;
				GCC_PREPROCESSOR_DEFINITIONS = (
					"DEBUG=1",
					"$(inherited)",
				);
				GCC_SYMBOLS_PRIVATE_EXTERN = NO;
				GCC_WARN_64_TO_32_BIT_CONVERSION = YES;
				GCC_WARN_ABOUT_RETURN_TYPE = YES_ERROR;
				GCC_WARN_UNDECLARED_SELECTOR = YES;
				GCC_WARN_UNINITIALIZED_AUTOS = YES;
				GCC_WARN_UNUSED_FUNCTION = YES;
				GCC_WARN_UNUSED_VARIABLE = YES;
				IPHONEOS_DEPLOYMENT_TARGET = 7.1;
				ONLY_ACTIVE_ARCH = YES;
				SDKROOT = iphoneos;
			};
			name = Debug;
		};
		6434829F18C5D344009BF110 /* Release */ = {
			isa = XCBuildConfiguration;
			buildSettings = {
				ALWAYS_SEARCH_USER_PATHS = NO;
				CLANG_CXX_LANGUAGE_STANDARD = "gnu++0x";
				CLANG_CXX_LIBRARY = "libc++";
				CLANG_ENABLE_MODULES = YES;
				CLANG_ENABLE_OBJC_ARC = YES;
				CLANG_WARN_BOOL_CONVERSION = YES;
				CLANG_WARN_CONSTANT_CONVERSION = YES;
				CLANG_WARN_DIRECT_OBJC_ISA_USAGE = YES_ERROR;
				CLANG_WARN_EMPTY_BODY = YES;
				CLANG_WARN_ENUM_CONVERSION = YES;
				CLANG_WARN_INT_CONVERSION = YES;
				CLANG_WARN_OBJC_ROOT_CLASS = YES_ERROR;
				CLANG_WARN__DUPLICATE_METHOD_MATCH = YES;
				"CODE_SIGN_IDENTITY[sdk=iphoneos*]" = "iPhone Developer";
				COPY_PHASE_STRIP = YES;
				ENABLE_NS_ASSERTIONS = NO;
				GCC_C_LANGUAGE_STANDARD = gnu99;
				GCC_WARN_64_TO_32_BIT_CONVERSION = YES;
				GCC_WARN_ABOUT_RETURN_TYPE = YES_ERROR;
				GCC_WARN_UNDECLARED_SELECTOR = YES;
				GCC_WARN_UNINITIALIZED_AUTOS = YES;
				GCC_WARN_UNUSED_FUNCTION = YES;
				GCC_WARN_UNUSED_VARIABLE = YES;
				IPHONEOS_DEPLOYMENT_TARGET = 7.1;
				SDKROOT = iphoneos;
				VALIDATE_PRODUCT = YES;
			};
			name = Release;
		};
		643482A118C5D344009BF110 /* Debug */ = {
			isa = XCBuildConfiguration;
			baseConfigurationReference = 246F568FE59BA740870E8FD1 /* Pods-WorkAndRest.debug.xcconfig */;
			buildSettings = {
				ASSETCATALOG_COMPILER_APPICON_NAME = AppIcon;
				ASSETCATALOG_COMPILER_LAUNCHIMAGE_NAME = LaunchImage;
				CLANG_ENABLE_MODULES = YES;
				CODE_SIGN_ENTITLEMENTS = WorkAndRest/WorkAndRest.entitlements;
				CODE_SIGN_IDENTITY = "iPhone Developer";
				"CODE_SIGN_IDENTITY[sdk=iphoneos*]" = "iPhone Developer";
				GCC_PRECOMPILE_PREFIX_HEADER = YES;
				GCC_PREFIX_HEADER = "WorkAndRest/WorkAndRest-Prefix.pch";
				GCC_WARN_UNDECLARED_SELECTOR = NO;
				INFOPLIST_FILE = "WorkAndRest/WorkAndRest-Info.plist";
				IPHONEOS_DEPLOYMENT_TARGET = 7.1;
				LD_RUNPATH_SEARCH_PATHS = "$(inherited) @executable_path/Frameworks";
				PRODUCT_NAME = "$(TARGET_NAME)";
				PROVISIONING_PROFILE = "";
				SWIFT_OBJC_BRIDGING_HEADER = "WorkAndRest-Bridging-Header.h";
				SWIFT_OPTIMIZATION_LEVEL = "-Onone";
				WRAPPER_EXTENSION = app;
			};
			name = Debug;
		};
		643482A218C5D344009BF110 /* Release */ = {
			isa = XCBuildConfiguration;
			baseConfigurationReference = C5A3E743E49F064E285AF8F1 /* Pods-WorkAndRest.release.xcconfig */;
			buildSettings = {
				ASSETCATALOG_COMPILER_APPICON_NAME = AppIcon;
				ASSETCATALOG_COMPILER_LAUNCHIMAGE_NAME = LaunchImage;
				CLANG_ENABLE_MODULES = YES;
				CODE_SIGN_ENTITLEMENTS = WorkAndRest/WorkAndRest.entitlements;
				CODE_SIGN_IDENTITY = "iPhone Developer";
				"CODE_SIGN_IDENTITY[sdk=iphoneos*]" = "iPhone Developer";
				GCC_PRECOMPILE_PREFIX_HEADER = YES;
				GCC_PREFIX_HEADER = "WorkAndRest/WorkAndRest-Prefix.pch";
				GCC_WARN_UNDECLARED_SELECTOR = NO;
				INFOPLIST_FILE = "WorkAndRest/WorkAndRest-Info.plist";
				IPHONEOS_DEPLOYMENT_TARGET = 7.1;
				LD_RUNPATH_SEARCH_PATHS = "$(inherited) @executable_path/Frameworks";
				PRODUCT_NAME = "$(TARGET_NAME)";
				PROVISIONING_PROFILE = "";
				SWIFT_OBJC_BRIDGING_HEADER = "WorkAndRest-Bridging-Header.h";
				WRAPPER_EXTENSION = app;
			};
			name = Release;
		};
		643482A418C5D344009BF110 /* Debug */ = {
			isa = XCBuildConfiguration;
			buildSettings = {
				BUNDLE_LOADER = "$(BUILT_PRODUCTS_DIR)/WorkAndRest.app/WorkAndRest";
				FRAMEWORK_SEARCH_PATHS = (
					"$(SDKROOT)/Developer/Library/Frameworks",
					"$(inherited)",
					"$(DEVELOPER_FRAMEWORKS_DIR)",
				);
				GCC_PRECOMPILE_PREFIX_HEADER = YES;
				GCC_PREFIX_HEADER = "WorkAndRest/WorkAndRest-Prefix.pch";
				GCC_PREPROCESSOR_DEFINITIONS = (
					"DEBUG=1",
					"$(inherited)",
				);
				INFOPLIST_FILE = "WorkAndRestTests/WorkAndRestTests-Info.plist";
				PRODUCT_NAME = "$(TARGET_NAME)";
				TEST_HOST = "$(BUNDLE_LOADER)";
				WRAPPER_EXTENSION = xctest;
			};
			name = Debug;
		};
		643482A518C5D344009BF110 /* Release */ = {
			isa = XCBuildConfiguration;
			buildSettings = {
				BUNDLE_LOADER = "$(BUILT_PRODUCTS_DIR)/WorkAndRest.app/WorkAndRest";
				FRAMEWORK_SEARCH_PATHS = (
					"$(SDKROOT)/Developer/Library/Frameworks",
					"$(inherited)",
					"$(DEVELOPER_FRAMEWORKS_DIR)",
				);
				GCC_PRECOMPILE_PREFIX_HEADER = YES;
				GCC_PREFIX_HEADER = "WorkAndRest/WorkAndRest-Prefix.pch";
				INFOPLIST_FILE = "WorkAndRestTests/WorkAndRestTests-Info.plist";
				PRODUCT_NAME = "$(TARGET_NAME)";
				TEST_HOST = "$(BUNDLE_LOADER)";
				WRAPPER_EXTENSION = xctest;
			};
			name = Release;
		};
		C33562CF1B3140950051784D /* Debug */ = {
			isa = XCBuildConfiguration;
			buildSettings = {
				ASSETCATALOG_COMPILER_APPICON_NAME = AppIcon;
				CLANG_WARN_UNREACHABLE_CODE = YES;
				CODE_SIGN_IDENTITY = "iPhone Developer";
				"CODE_SIGN_IDENTITY[sdk=iphoneos*]" = "iPhone Developer";
				DEBUG_INFORMATION_FORMAT = "dwarf-with-dsym";
				ENABLE_STRICT_OBJC_MSGSEND = YES;
				GCC_NO_COMMON_BLOCKS = YES;
				GCC_PREPROCESSOR_DEFINITIONS = (
					"DEBUG=1",
					"$(inherited)",
				);
				GCC_WARN_UNINITIALIZED_AUTOS = YES_AGGRESSIVE;
				IBSC_MODULE = WorkAndRest_WatchKit_Extension;
				INFOPLIST_FILE = "WorkAndRest WatchKit App/Info.plist";
				IPHONEOS_DEPLOYMENT_TARGET = 8.2;
				MTL_ENABLE_DEBUG_INFO = YES;
				PRODUCT_NAME = "$(TARGET_NAME)";
				PROVISIONING_PROFILE = "";
				SKIP_INSTALL = YES;
				TARGETED_DEVICE_FAMILY = 4;
				"TARGETED_DEVICE_FAMILY[sdk=iphonesimulator*]" = "1,4";
			};
			name = Debug;
		};
		C33562D01B3140950051784D /* Release */ = {
			isa = XCBuildConfiguration;
			buildSettings = {
				ASSETCATALOG_COMPILER_APPICON_NAME = AppIcon;
				CLANG_WARN_UNREACHABLE_CODE = YES;
				CODE_SIGN_IDENTITY = "iPhone Developer";
				"CODE_SIGN_IDENTITY[sdk=iphoneos*]" = "iPhone Developer";
				COPY_PHASE_STRIP = NO;
				DEBUG_INFORMATION_FORMAT = "dwarf-with-dsym";
				ENABLE_STRICT_OBJC_MSGSEND = YES;
				GCC_NO_COMMON_BLOCKS = YES;
				GCC_WARN_UNINITIALIZED_AUTOS = YES_AGGRESSIVE;
				IBSC_MODULE = WorkAndRest_WatchKit_Extension;
				INFOPLIST_FILE = "WorkAndRest WatchKit App/Info.plist";
				IPHONEOS_DEPLOYMENT_TARGET = 8.2;
				MTL_ENABLE_DEBUG_INFO = NO;
				PRODUCT_NAME = "$(TARGET_NAME)";
				PROVISIONING_PROFILE = "";
				SKIP_INSTALL = YES;
				TARGETED_DEVICE_FAMILY = 4;
				"TARGETED_DEVICE_FAMILY[sdk=iphonesimulator*]" = "1,4";
			};
			name = Release;
		};
		C33562D21B3140950051784D /* Debug */ = {
			isa = XCBuildConfiguration;
			baseConfigurationReference = 246F568FE59BA740870E8FD1 /* Pods-WorkAndRest.debug.xcconfig */;
			buildSettings = {
				CLANG_ENABLE_MODULES = YES;
				CLANG_WARN_UNREACHABLE_CODE = YES;
				CODE_SIGN_ENTITLEMENTS = "WorkAndRest WatchKit Extension/WorkAndRest WatchKit Extension.entitlements";
				CODE_SIGN_IDENTITY = "iPhone Developer";
				"CODE_SIGN_IDENTITY[sdk=iphoneos*]" = "iPhone Developer";
				DEBUG_INFORMATION_FORMAT = "dwarf-with-dsym";
				ENABLE_STRICT_OBJC_MSGSEND = YES;
				GCC_NO_COMMON_BLOCKS = YES;
				GCC_PREPROCESSOR_DEFINITIONS = (
					"DEBUG=1",
					"$(inherited)",
					TARGET_IS_EXTENSION,
				);
				GCC_WARN_UNINITIALIZED_AUTOS = YES_AGGRESSIVE;
				INFOPLIST_FILE = "WorkAndRest WatchKit Extension/Info.plist";
				IPHONEOS_DEPLOYMENT_TARGET = 8.3;
				LD_RUNPATH_SEARCH_PATHS = "$(inherited) @executable_path/Frameworks @executable_path/../../Frameworks";
				MTL_ENABLE_DEBUG_INFO = YES;
				PRODUCT_NAME = "${TARGET_NAME}";
				PROVISIONING_PROFILE = "";
				SKIP_INSTALL = YES;
				SWIFT_OBJC_BRIDGING_HEADER = "WorkAndRest WatchKit Extension/WorkAndRest WatchKit Extension-Bridging-Header.h";
				SWIFT_OPTIMIZATION_LEVEL = "-Onone";
			};
			name = Debug;
		};
		C33562D31B3140950051784D /* Release */ = {
			isa = XCBuildConfiguration;
			baseConfigurationReference = C5A3E743E49F064E285AF8F1 /* Pods-WorkAndRest.release.xcconfig */;
			buildSettings = {
				CLANG_ENABLE_MODULES = YES;
				CLANG_WARN_UNREACHABLE_CODE = YES;
				CODE_SIGN_ENTITLEMENTS = "WorkAndRest WatchKit Extension/WorkAndRest WatchKit Extension.entitlements";
				CODE_SIGN_IDENTITY = "iPhone Developer";
				"CODE_SIGN_IDENTITY[sdk=iphoneos*]" = "iPhone Developer";
				COPY_PHASE_STRIP = NO;
				DEBUG_INFORMATION_FORMAT = "dwarf-with-dsym";
				ENABLE_STRICT_OBJC_MSGSEND = YES;
				GCC_NO_COMMON_BLOCKS = YES;
				GCC_PREPROCESSOR_DEFINITIONS = (
					"$(inherited)",
					"COCOAPODS=1",
					TARGET_IS_EXTENSION,
				);
				GCC_WARN_UNINITIALIZED_AUTOS = YES_AGGRESSIVE;
				INFOPLIST_FILE = "WorkAndRest WatchKit Extension/Info.plist";
				IPHONEOS_DEPLOYMENT_TARGET = 8.3;
				LD_RUNPATH_SEARCH_PATHS = "$(inherited) @executable_path/Frameworks @executable_path/../../Frameworks";
				MTL_ENABLE_DEBUG_INFO = NO;
				PRODUCT_NAME = "${TARGET_NAME}";
				PROVISIONING_PROFILE = "";
				SKIP_INSTALL = YES;
				SWIFT_OBJC_BRIDGING_HEADER = "WorkAndRest WatchKit Extension/WorkAndRest WatchKit Extension-Bridging-Header.h";
			};
			name = Release;
		};
/* End XCBuildConfiguration section */

/* Begin XCConfigurationList section */
		6434826918C5D343009BF110 /* Build configuration list for PBXProject "WorkAndRest" */ = {
			isa = XCConfigurationList;
			buildConfigurations = (
				6434829E18C5D344009BF110 /* Debug */,
				6434829F18C5D344009BF110 /* Release */,
			);
			defaultConfigurationIsVisible = 0;
			defaultConfigurationName = Release;
		};
		643482A018C5D344009BF110 /* Build configuration list for PBXNativeTarget "WorkAndRest" */ = {
			isa = XCConfigurationList;
			buildConfigurations = (
				643482A118C5D344009BF110 /* Debug */,
				643482A218C5D344009BF110 /* Release */,
			);
			defaultConfigurationIsVisible = 0;
			defaultConfigurationName = Release;
		};
		643482A318C5D344009BF110 /* Build configuration list for PBXNativeTarget "WorkAndRestTests" */ = {
			isa = XCConfigurationList;
			buildConfigurations = (
				643482A418C5D344009BF110 /* Debug */,
				643482A518C5D344009BF110 /* Release */,
			);
			defaultConfigurationIsVisible = 0;
			defaultConfigurationName = Release;
		};
		C33562CE1B3140950051784D /* Build configuration list for PBXNativeTarget "WorkAndRest WatchKit App" */ = {
			isa = XCConfigurationList;
			buildConfigurations = (
				C33562CF1B3140950051784D /* Debug */,
				C33562D01B3140950051784D /* Release */,
			);
			defaultConfigurationIsVisible = 0;
			defaultConfigurationName = Release;
		};
		C33562D11B3140950051784D /* Build configuration list for PBXNativeTarget "WorkAndRest WatchKit Extension" */ = {
			isa = XCConfigurationList;
			buildConfigurations = (
				C33562D21B3140950051784D /* Debug */,
				C33562D31B3140950051784D /* Release */,
			);
			defaultConfigurationIsVisible = 0;
			defaultConfigurationName = Release;
		};
/* End XCConfigurationList section */
	};
	rootObject = 6434826618C5D343009BF110 /* Project object */;
}
